
Microsoft Visual Studio Solution File, Format Version 12.00
# Visual Studio 15
VisualStudioVersion = 15.0.27004.2002
MinimumVisualStudioVersion = 10.0.40219.1
Project("{2150E333-8FDC-42A3-9474-1A3956D46DE8}") = "1. Presentation Layer", "1. Presentation Layer", "{5FCBA414-7A97-4D7C-B794-377FF4B6619D}"
EndProject
Project("{2150E333-8FDC-42A3-9474-1A3956D46DE8}") = "2. Hosting Layer", "2. Hosting Layer", "{993223E7-20B6-422D-A24D-2085727FD2D8}"
EndProject
Project("{2150E333-8FDC-42A3-9474-1A3956D46DE8}") = "3. Service Layer", "3. Service Layer", "{1BF0D197-F078-4D59-A72B-643094CC816D}"
EndProject
Project("{2150E333-8FDC-42A3-9474-1A3956D46DE8}") = "4. Business Layer", "4. Business Layer", "{AFC71944-AD5A-4DC6-9D1F-E7011E8CA918}"
EndProject
Project("{2150E333-8FDC-42A3-9474-1A3956D46DE8}") = "5. Data Layer", "5. Data Layer", "{9EDE0836-E454-4CFB-AF60-8DE7065B1991}"
EndProject
Project("{2150E333-8FDC-42A3-9474-1A3956D46DE8}") = "6. Common", "6. Common", "{E8EB120C-9ADC-49C7-AD8B-7834C0A73C56}"
EndProject
Project("{FAE04EC0-301F-11D3-BF4B-00C04F79EFBC}") = "UoW.DocCore.Web.WebForms", "UoW.DocCore.Web.WebForms\UoW.DocCore.Web.WebForms.csproj", "{1A16D6F3-7E16-4088-BA1F-2F0418DD97DA}"
EndProject
Project("{2150E333-8FDC-42A3-9474-1A3956D46DE8}") = "APIs", "APIs", "{01F32AE2-2866-49CC-AAD7-26A07C2BC086}"
EndProject
Project("{2150E333-8FDC-42A3-9474-1A3956D46DE8}") = "facebook", "facebook", "{9B30FD7C-641B-4EB1-80B4-9064271A24DD}"
EndProject
Project("{2150E333-8FDC-42A3-9474-1A3956D46DE8}") = "google", "google", "{11C703F4-8ED6-4FE7-B602-87CCE8BFD164}"
EndProject
Project("{2150E333-8FDC-42A3-9474-1A3956D46DE8}") = "LinkedIn", "LinkedIn", "{3767A8B8-CC6D-4266-AAFD-5B08F2F1F581}"
EndProject
Project("{2150E333-8FDC-42A3-9474-1A3956D46DE8}") = "Data Access Objects", "Data Access Objects", "{E3909B1A-85F9-426D-B0CF-DCA53B296CE8}"
EndProject
Project("{FAE04EC0-301F-11D3-BF4B-00C04F79EFBC}") = "UoW.DocCore.WCF.CoreService", "UoW.DocCore.WCF.CoreService\UoW.DocCore.WCF.CoreService.csproj", "{9755FD20-D2DD-489D-869E-94CEA7B75B87}"
EndProject
Project("{FAE04EC0-301F-11D3-BF4B-00C04F79EFBC}") = "UoW.DocCore.CoreService", "UoW.DocCore.CoreService\UoW.DocCore.CoreService.csproj", "{C918E32F-9059-4760-A210-8B8610B9F857}"
EndProject
Project("{FAE04EC0-301F-11D3-BF4B-00C04F79EFBC}") = "UoW.DocCore.Core", "UoW.DocCore.Core\UoW.DocCore.Core.csproj", "{99E5A790-2886-4A2D-A2D3-8B8BAF3E8062}"
EndProject
Project("{00D1A9C2-B5F0-4AF3-8072-F6C62B433612}") = "DocCoreDB", "DocCoreDB\DocCoreDB.sqlproj", "{156F5276-5747-44A8-8F7F-B8004C3F23CC}"
EndProject
Project("{FAE04EC0-301F-11D3-BF4B-00C04F79EFBC}") = "UoW.DocCore.DataObjects", "UoW.DocCore.DataObjects\UoW.DocCore.DataObjects.csproj", "{3D0801A2-3A2C-4405-92F8-3AFC00DBF10C}"
EndProject
Project("{FAE04EC0-301F-11D3-BF4B-00C04F79EFBC}") = "UoW.DocCore.DocCoreUtilities", "UoW.DocCore.DocCoreUtilities\UoW.DocCore.DocCoreUtilities.csproj", "{CA4C5090-CCDC-46BA-B405-299F98C52849}"
EndProject
Project("{FAE04EC0-301F-11D3-BF4B-00C04F79EFBC}") = "UoW.DocCore.ServiceUtils", "UoW.DocCore.ServiceUtils\UoW.DocCore.ServiceUtils.csproj", "{F5DE6792-587E-459D-8890-9FD8D8A63BF3}"
EndProject
Project("{FAE04EC0-301F-11D3-BF4B-00C04F79EFBC}") = "UoW.DocCore.BusinessObjects", "UoW.DocCore.BusinessObjects\UoW.DocCore.BusinessObjects.csproj", "{03147C63-2E56-4302-864A-AE71DBE15DFC}"
EndProject
Global
	GlobalSection(SolutionConfigurationPlatforms) = preSolution
		Debug|Any CPU = Debug|Any CPU
		Release|Any CPU = Release|Any CPU
	EndGlobalSection
	GlobalSection(ProjectConfigurationPlatforms) = postSolution
		{1A16D6F3-7E16-4088-BA1F-2F0418DD97DA}.Debug|Any CPU.ActiveCfg = Debug|Any CPU
		{1A16D6F3-7E16-4088-BA1F-2F0418DD97DA}.Debug|Any CPU.Build.0 = Debug|Any CPU
		{1A16D6F3-7E16-4088-BA1F-2F0418DD97DA}.Release|Any CPU.ActiveCfg = Release|Any CPU
		{1A16D6F3-7E16-4088-BA1F-2F0418DD97DA}.Release|Any CPU.Build.0 = Release|Any CPU
		{9755FD20-D2DD-489D-869E-94CEA7B75B87}.Debug|Any CPU.ActiveCfg = Debug|Any CPU
		{9755FD20-D2DD-489D-869E-94CEA7B75B87}.Debug|Any CPU.Build.0 = Debug|Any CPU
		{9755FD20-D2DD-489D-869E-94CEA7B75B87}.Release|Any CPU.ActiveCfg = Release|Any CPU
		{9755FD20-D2DD-489D-869E-94CEA7B75B87}.Release|Any CPU.Build.0 = Release|Any CPU
		{C918E32F-9059-4760-A210-8B8610B9F857}.Debug|Any CPU.ActiveCfg = Debug|Any CPU
		{C918E32F-9059-4760-A210-8B8610B9F857}.Debug|Any CPU.Build.0 = Debug|Any CPU
		{C918E32F-9059-4760-A210-8B8610B9F857}.Release|Any CPU.ActiveCfg = Release|Any CPU
		{C918E32F-9059-4760-A210-8B8610B9F857}.Release|Any CPU.Build.0 = Release|Any CPU
		{99E5A790-2886-4A2D-A2D3-8B8BAF3E8062}.Debug|Any CPU.ActiveCfg = Debug|Any CPU
		{99E5A790-2886-4A2D-A2D3-8B8BAF3E8062}.Debug|Any CPU.Build.0 = Debug|Any CPU
		{99E5A790-2886-4A2D-A2D3-8B8BAF3E8062}.Release|Any CPU.ActiveCfg = Release|Any CPU
		{99E5A790-2886-4A2D-A2D3-8B8BAF3E8062}.Release|Any CPU.Build.0 = Release|Any CPU
		{156F5276-5747-44A8-8F7F-B8004C3F23CC}.Debug|Any CPU.ActiveCfg = Debug|Any CPU
		{156F5276-5747-44A8-8F7F-B8004C3F23CC}.Release|Any CPU.ActiveCfg = Release|Any CPU
		{156F5276-5747-44A8-8F7F-B8004C3F23CC}.Release|Any CPU.Build.0 = Release|Any CPU
		{156F5276-5747-44A8-8F7F-B8004C3F23CC}.Release|Any CPU.Deploy.0 = Release|Any CPU
		{3D0801A2-3A2C-4405-92F8-3AFC00DBF10C}.Debug|Any CPU.ActiveCfg = Debug|Any CPU
		{3D0801A2-3A2C-4405-92F8-3AFC00DBF10C}.Debug|Any CPU.Build.0 = Debug|Any CPU
		{3D0801A2-3A2C-4405-92F8-3AFC00DBF10C}.Release|Any CPU.ActiveCfg = Release|Any CPU
		{3D0801A2-3A2C-4405-92F8-3AFC00DBF10C}.Release|Any CPU.Build.0 = Release|Any CPU
		{CA4C5090-CCDC-46BA-B405-299F98C52849}.Debug|Any CPU.ActiveCfg = Debug|Any CPU
		{CA4C5090-CCDC-46BA-B405-299F98C52849}.Debug|Any CPU.Build.0 = Debug|Any CPU
		{CA4C5090-CCDC-46BA-B405-299F98C52849}.Release|Any CPU.ActiveCfg = Release|Any CPU
		{CA4C5090-CCDC-46BA-B405-299F98C52849}.Release|Any CPU.Build.0 = Release|Any CPU
		{F5DE6792-587E-459D-8890-9FD8D8A63BF3}.Debug|Any CPU.ActiveCfg = Debug|Any CPU
		{F5DE6792-587E-459D-8890-9FD8D8A63BF3}.Debug|Any CPU.Build.0 = Debug|Any CPU
		{F5DE6792-587E-459D-8890-9FD8D8A63BF3}.Release|Any CPU.ActiveCfg = Release|Any CPU
		{F5DE6792-587E-459D-8890-9FD8D8A63BF3}.Release|Any CPU.Build.0 = Release|Any CPU
		{03147C63-2E56-4302-864A-AE71DBE15DFC}.Debug|Any CPU.ActiveCfg = Debug|Any CPU
		{03147C63-2E56-4302-864A-AE71DBE15DFC}.Debug|Any CPU.Build.0 = Debug|Any CPU
		{03147C63-2E56-4302-864A-AE71DBE15DFC}.Release|Any CPU.ActiveCfg = Release|Any CPU
		{03147C63-2E56-4302-864A-AE71DBE15DFC}.Release|Any CPU.Build.0 = Release|Any CPU
	EndGlobalSection
	GlobalSection(SolutionProperties) = preSolution
		HideSolutionNode = FALSE
	EndGlobalSection
	GlobalSection(NestedProjects) = preSolution
		{1A16D6F3-7E16-4088-BA1F-2F0418DD97DA} = {5FCBA414-7A97-4D7C-B794-377FF4B6619D}
		{01F32AE2-2866-49CC-AAD7-26A07C2BC086} = {AFC71944-AD5A-4DC6-9D1F-E7011E8CA918}
		{9B30FD7C-641B-4EB1-80B4-9064271A24DD} = {01F32AE2-2866-49CC-AAD7-26A07C2BC086}
		{11C703F4-8ED6-4FE7-B602-87CCE8BFD164} = {01F32AE2-2866-49CC-AAD7-26A07C2BC086}
		{3767A8B8-CC6D-4266-AAFD-5B08F2F1F581} = {01F32AE2-2866-49CC-AAD7-26A07C2BC086}
		{E3909B1A-85F9-426D-B0CF-DCA53B296CE8} = {AFC71944-AD5A-4DC6-9D1F-E7011E8CA918}
		{9755FD20-D2DD-489D-869E-94CEA7B75B87} = {993223E7-20B6-422D-A24D-2085727FD2D8}
		{C918E32F-9059-4760-A210-8B8610B9F857} = {1BF0D197-F078-4D59-A72B-643094CC816D}
		{99E5A790-2886-4A2D-A2D3-8B8BAF3E8062} = {E3909B1A-85F9-426D-B0CF-DCA53B296CE8}
		{156F5276-5747-44A8-8F7F-B8004C3F23CC} = {9EDE0836-E454-4CFB-AF60-8DE7065B1991}
		{3D0801A2-3A2C-4405-92F8-3AFC00DBF10C} = {9EDE0836-E454-4CFB-AF60-8DE7065B1991}
		{CA4C5090-CCDC-46BA-B405-299F98C52849} = {E8EB120C-9ADC-49C7-AD8B-7834C0A73C56}
		{F5DE6792-587E-459D-8890-9FD8D8A63BF3} = {E8EB120C-9ADC-49C7-AD8B-7834C0A73C56}
		{03147C63-2E56-4302-864A-AE71DBE15DFC} = {AFC71944-AD5A-4DC6-9D1F-E7011E8CA918}
	EndGlobalSection
	GlobalSection(ExtensibilityGlobals) = postSolution
		SolutionGuid = {333C2A9E-F18A-41C0-875B-328FF4CA56F9}
	EndGlobalSection
EndGlobal
